{
  "name": "cs-5610-assignment-03-alyssa-yuning",
  "lockfileVersion": 3,
  "requires": true,
  "packages": {
    "": {
      "dependencies": {
        "csv-to-js-parser": "^2.3.7"
      }
    },
    "node_modules/csv-to-js-parser": {
      "version": "2.3.7",
      "resolved": "https://registry.npmjs.org/csv-to-js-parser/-/csv-to-js-parser-2.3.7.tgz",
      "integrity": "sha512-A2+6ikkN3x4dw1w994MjNTSde8+UAbzQHG/kF5e7t16BAK89ZmIGyYJpf9NWbPUa1LIKAi73++Q2zGmf69K02Q=="
    }
  }
}
